// !$*UTF8*$!
{
	archiveVersion = 1;
	classes = {
	};
	objectVersion = 46;
	objects = {

/* Begin PBXBuildFile section */
		F26C2E1619B0F14D00951BF8 /* Foundation.framework in Frameworks */ = {isa = PBXBuildFile; fileRef = F26C2E1519B0F14D00951BF8 /* Foundation.framework */; };
		F26C2E1819B0F14D00951BF8 /* CoreGraphics.framework in Frameworks */ = {isa = PBXBuildFile; fileRef = F26C2E1719B0F14D00951BF8 /* CoreGraphics.framework */; };
		F26C2E1A19B0F14D00951BF8 /* UIKit.framework in Frameworks */ = {isa = PBXBuildFile; fileRef = F26C2E1919B0F14D00951BF8 /* UIKit.framework */; };
		F26C2E2019B0F14D00951BF8 /* InfoPlist.strings in Resources */ = {isa = PBXBuildFile; fileRef = F26C2E1E19B0F14D00951BF8 /* InfoPlist.strings */; };
		F26C2E2219B0F14D00951BF8 /* main.m in Sources */ = {isa = PBXBuildFile; fileRef = F26C2E2119B0F14D00951BF8 /* main.m */; };
		F26C2E2619B0F14D00951BF8 /* GTAppDelegate.m in Sources */ = {isa = PBXBuildFile; fileRef = F26C2E2519B0F14D00951BF8 /* GTAppDelegate.m */; };
		F26C2E2819B0F14D00951BF8 /* Images.xcassets in Resources */ = {isa = PBXBuildFile; fileRef = F26C2E2719B0F14D00951BF8 /* Images.xcassets */; };
		F26C2E2F19B0F14D00951BF8 /* XCTest.framework in Frameworks */ = {isa = PBXBuildFile; fileRef = F26C2E2E19B0F14D00951BF8 /* XCTest.framework */; };
		F26C2E3019B0F14D00951BF8 /* Foundation.framework in Frameworks */ = {isa = PBXBuildFile; fileRef = F26C2E1519B0F14D00951BF8 /* Foundation.framework */; };
		F26C2E3119B0F14D00951BF8 /* UIKit.framework in Frameworks */ = {isa = PBXBuildFile; fileRef = F26C2E1919B0F14D00951BF8 /* UIKit.framework */; };
		F26C2E3919B0F14D00951BF8 /* InfoPlist.strings in Resources */ = {isa = PBXBuildFile; fileRef = F26C2E3719B0F14D00951BF8 /* InfoPlist.strings */; };
		F26C2E3B19B0F14D00951BF8 /* QuizTests.m in Sources */ = {isa = PBXBuildFile; fileRef = F26C2E3A19B0F14D00951BF8 /* QuizTests.m */; };
/* End PBXBuildFile section */

/* Begin PBXContainerItemProxy section */
		F26C2E3219B0F14D00951BF8 /* PBXContainerItemProxy */ = {
			isa = PBXContainerItemProxy;
			containerPortal = F26C2E0A19B0F14D00951BF8 /* Project object */;
			proxyType = 1;
			remoteGlobalIDString = F26C2E1119B0F14D00951BF8;
			remoteInfo = Quiz;
		};
/* End PBXContainerItemProxy section */

/* Begin PBXFileReference section */
		F26C2E1219B0F14D00951BF8 /* Quiz.app */ = {isa = PBXFileReference; explicitFileType = wrapper.application; includeInIndex = 0; path = Quiz.app; sourceTree = BUILT_PRODUCTS_DIR; };
		F26C2E1519B0F14D00951BF8 /* Foundation.framework */ = {isa = PBXFileReference; lastKnownFileType = wrapper.framework; name = Foundation.framework; path = System/Library/Frameworks/Foundation.framework; sourceTree = SDKROOT; };
		F26C2E1719B0F14D00951BF8 /* CoreGraphics.framework */ = {isa = PBXFileReference; lastKnownFileType = wrapper.framework; name = CoreGraphics.framework; path = System/Library/Frameworks/CoreGraphics.framework; sourceTree = SDKROOT; };
		F26C2E1919B0F14D00951BF8 /* UIKit.framework */ = {isa = PBXFileReference; lastKnownFileType = wrapper.framework; name = UIKit.framework; path = System/Library/Frameworks/UIKit.framework; sourceTree = SDKROOT; };
		F26C2E1D19B0F14D00951BF8 /* Quiz-Info.plist */ = {isa = PBXFileReference; lastKnownFileType = text.plist.xml; path = "Quiz-Info.plist"; sourceTree = "<group>"; };
		F26C2E1F19B0F14D00951BF8 /* en */ = {isa = PBXFileReference; lastKnownFileType = text.plist.strings; name = en; path = en.lproj/InfoPlist.strings; sourceTree = "<group>"; };
		F26C2E2119B0F14D00951BF8 /* main.m */ = {isa = PBXFileReference; lastKnownFileType = sourcecode.c.objc; path = main.m; sourceTree = "<group>"; };
		F26C2E2319B0F14D00951BF8 /* Quiz-Prefix.pch */ = {isa = PBXFileReference; lastKnownFileType = sourcecode.c.h; path = "Quiz-Prefix.pch"; sourceTree = "<group>"; };
		F26C2E2419B0F14D00951BF8 /* GTAppDelegate.h */ = {isa = PBXFileReference; lastKnownFileType = sourcecode.c.h; path = GTAppDelegate.h; sourceTree = "<group>"; };
		F26C2E2519B0F14D00951BF8 /* GTAppDelegate.m */ = {isa = PBXFileReference; lastKnownFileType = sourcecode.c.objc; path = GTAppDelegate.m; sourceTree = "<group>"; };
		F26C2E2719B0F14D00951BF8 /* Images.xcassets */ = {isa = PBXFileReference; lastKnownFileType = folder.assetcatalog; path = Images.xcassets; sourceTree = "<group>"; };
		F26C2E2D19B0F14D00951BF8 /* QuizTests.xctest */ = {isa = PBXFileReference; explicitFileType = wrapper.cfbundle; includeInIndex = 0; path = QuizTests.xctest; sourceTree = BUILT_PRODUCTS_DIR; };
		F26C2E2E19B0F14D00951BF8 /* XCTest.framework */ = {isa = PBXFileReference; lastKnownFileType = wrapper.framework; name = XCTest.framework; path = Library/Frameworks/XCTest.framework; sourceTree = DEVELOPER_DIR; };
		F26C2E3619B0F14D00951BF8 /* QuizTests-Info.plist */ = {isa = PBXFileReference; lastKnownFileType = text.plist.xml; path = "QuizTests-Info.plist"; sourceTree = "<group>"; };
		F26C2E3819B0F14D00951BF8 /* en */ = {isa = PBXFileReference; lastKnownFileType = text.plist.strings; name = en; path = en.lproj/InfoPlist.strings; sourceTree = "<group>"; };
		F26C2E3A19B0F14D00951BF8 /* QuizTests.m */ = {isa = PBXFileReference; lastKnownFileType = sourcecode.c.objc; path = QuizTests.m; sourceTree = "<group>"; };
/* End PBXFileReference section */

/* Begin PBXFrameworksBuildPhase section */
		F26C2E0F19B0F14D00951BF8 /* Frameworks */ = {
			isa = PBXFrameworksBuildPhase;
			buildActionMask = 2147483647;
			files = (
				F26C2E1819B0F14D00951BF8 /* CoreGraphics.framework in Frameworks */,
				F26C2E1A19B0F14D00951BF8 /* UIKit.framework in Frameworks */,
				F26C2E1619B0F14D00951BF8 /* Foundation.framework in Frameworks */,
			);
			runOnlyForDeploymentPostprocessing = 0;
		};
		F26C2E2A19B0F14D00951BF8 /* Frameworks */ = {
			isa = PBXFrameworksBuildPhase;
			buildActionMask = 2147483647;
			files = (
				F26C2E2F19B0F14D00951BF8 /* XCTest.framework in Frameworks */,
				F26C2E3119B0F14D00951BF8 /* UIKit.framework in Frameworks */,
				F26C2E3019B0F14D00951BF8 /* Foundation.framework in Frameworks */,
			);
			runOnlyForDeploymentPostprocessing = 0;
		};
/* End PBXFrameworksBuildPhase section */

/* Begin PBXGroup section */
		F26C2E0919B0F14D00951BF8 = {
			isa = PBXGroup;
			children = (
				F26C2E1B19B0F14D00951BF8 /* Quiz */,
				F26C2E3419B0F14D00951BF8 /* QuizTests */,
				F26C2E1419B0F14D00951BF8 /* Frameworks */,
				F26C2E1319B0F14D00951BF8 /* Products */,
			);
			sourceTree = "<group>";
		};
		F26C2E1319B0F14D00951BF8 /* Products */ = {
			isa = PBXGroup;
			children = (
				F26C2E1219B0F14D00951BF8 /* Quiz.app */,
				F26C2E2D19B0F14D00951BF8 /* QuizTests.xctest */,
			);
			name = Products;
			sourceTree = "<group>";
		};
		F26C2E1419B0F14D00951BF8 /* Frameworks */ = {
			isa = PBXGroup;
			children = (
				F26C2E1519B0F14D00951BF8 /* Foundation.framework */,
				F26C2E1719B0F14D00951BF8 /* CoreGraphics.framework */,
				F26C2E1919B0F14D00951BF8 /* UIKit.framework */,
				F26C2E2E19B0F14D00951BF8 /* XCTest.framework */,
			);
			name = Frameworks;
			sourceTree = "<group>";
		};
		F26C2E1B19B0F14D00951BF8 /* Quiz */ = {
			isa = PBXGroup;
			children = (
				F26C2E2419B0F14D00951BF8 /* GTAppDelegate.h */,
				F26C2E2519B0F14D00951BF8 /* GTAppDelegate.m */,
				F26C2E2719B0F14D00951BF8 /* Images.xcassets */,
				F26C2E1C19B0F14D00951BF8 /* Supporting Files */,
			);
			path = Quiz;
			sourceTree = "<group>";
		};
		F26C2E1C19B0F14D00951BF8 /* Supporting Files */ = {
			isa = PBXGroup;
			children = (
				F26C2E1D19B0F14D00951BF8 /* Quiz-Info.plist */,
				F26C2E1E19B0F14D00951BF8 /* InfoPlist.strings */,
				F26C2E2119B0F14D00951BF8 /* main.m */,
				F26C2E2319B0F14D00951BF8 /* Quiz-Prefix.pch */,
			);
			name = "Supporting Files";
			sourceTree = "<group>";
		};
		F26C2E3419B0F14D00951BF8 /* QuizTests */ = {
			isa = PBXGroup;
			children = (
				F26C2E3A19B0F14D00951BF8 /* QuizTests.m */,
				F26C2E3519B0F14D00951BF8 /* Supporting Files */,
			);
			path = QuizTests;
			sourceTree = "<group>";
		};
		F26C2E3519B0F14D00951BF8 /* Supporting Files */ = {
			isa = PBXGroup;
			children = (
				F26C2E3619B0F14D00951BF8 /* QuizTests-Info.plist */,
				F26C2E3719B0F14D00951BF8 /* InfoPlist.strings */,
			);
			name = "Supporting Files";
			sourceTree = "<group>";
		};
/* End PBXGroup section */

/* Begin PBXNativeTarget section */
		F26C2E1119B0F14D00951BF8 /* Quiz */ = {
			isa = PBXNativeTarget;
			buildConfigurationList = F26C2E3E19B0F14D00951BF8 /* Build configuration list for PBXNativeTarget "Quiz" */;
			buildPhases = (
				F26C2E0E19B0F14D00951BF8 /* Sources */,
				F26C2E0F19B0F14D00951BF8 /* Frameworks */,
				F26C2E1019B0F14D00951BF8 /* Resources */,
			);
			buildRules = (
			);
			dependencies = (
			);
			name = Quiz;
			productName = Quiz;
			productReference = F26C2E1219B0F14D00951BF8 /* Quiz.app */;
			productType = "com.apple.product-type.application";
		};
		F26C2E2C19B0F14D00951BF8 /* QuizTests */ = {
			isa = PBXNativeTarget;
			buildConfigurationList = F26C2E4119B0F14D00951BF8 /* Build configuration list for PBXNativeTarget "QuizTests" */;
			buildPhases = (
				F26C2E2919B0F14D00951BF8 /* Sources */,
				F26C2E2A19B0F14D00951BF8 /* Frameworks */,
				F26C2E2B19B0F14D00951BF8 /* Resources */,
			);
			buildRules = (
			);
			dependencies = (
				F26C2E3319B0F14D00951BF8 /* PBXTargetDependency */,
			);
			name = QuizTests;
			productName = QuizTests;
			productReference = F26C2E2D19B0F14D00951BF8 /* QuizTests.xctest */;
			productType = "com.apple.product-type.bundle.unit-test";
		};
/* End PBXNativeTarget section */

/* Begin PBXProject section */
		F26C2E0A19B0F14D00951BF8 /* Project object */ = {
			isa = PBXProject;
			attributes = {
				CLASSPREFIX = GT;
				LastUpgradeCheck = 0510;
				ORGANIZATIONNAME = GT;
				TargetAttributes = {
					F26C2E2C19B0F14D00951BF8 = {
						TestTargetID = F26C2E1119B0F14D00951BF8;
					};
				};
			};
			buildConfigurationList = F26C2E0D19B0F14D00951BF8 /* Build configuration list for PBXProject "Quiz" */;
			compatibilityVersion = "Xcode 3.2";
			developmentRegion = English;
			hasScannedForEncodings = 0;
			knownRegions = (
				en,
			);
			mainGroup = F26C2E0919B0F14D00951BF8;
			productRefGroup = F26C2E1319B0F14D00951BF8 /* Products */;
			projectDirPath = "";
			projectRoot = "";
			targets = (
				F26C2E1119B0F14D00951BF8 /* Quiz */,
				F26C2E2C19B0F14D00951BF8 /* QuizTests */,
			);
		};
/* End PBXProject section */

/* Begin PBXResourcesBuildPhase section */
		F26C2E1019B0F14D00951BF8 /* Resources */ = {
			isa = PBXResourcesBuildPhase;
			buildActionMask = 2147483647;
			files = (
				F26C2E2019B0F14D00951BF8 /* InfoPlist.strings in Resources */,
				F26C2E2819B0F14D00951BF8 /* Images.xcassets in Resources */,
			);
			runOnlyForDeploymentPostprocessing = 0;
		};
		F26C2E2B19B0F14D00951BF8 /* Resources */ = {
			isa = PBXResourcesBuildPhase;
			buildActionMask = 2147483647;
			files = (
				F26C2E3919B0F14D00951BF8 /* InfoPlist.strings in Resources */,
			);
			runOnlyForDeploymentPostprocessing = 0;
		};
/* End PBXResourcesBuildPhase section */

/* Begin PBXSourcesBuildPhase section */
		F26C2E0E19B0F14D00951BF8 /* Sources */ = {
			isa = PBXSourcesBuildPhase;
			buildActionMask = 2147483647;
			files = (
				F26C2E2219B0F14D00951BF8 /* main.m in Sources */,
				F26C2E2619B0F14D00951BF8 /* GTAppDelegate.m in Sources */,
			);
			runOnlyForDeploymentPostprocessing = 0;
		};
		F26C2E2919B0F14D00951BF8 /* Sources */ = {
			isa = PBXSourcesBuildPhase;
			buildActionMask = 2147483647;
			files = (
				F26C2E3B19B0F14D00951BF8 /* QuizTests.m in Sources */,
			);
			runOnlyForDeploymentPostprocessing = 0;
		};
/* End PBXSourcesBuildPhase section */

/* Begin PBXTargetDependency section */
		F26C2E3319B0F14D00951BF8 /* PBXTargetDependency */ = {
			isa = PBXTargetDependency;
			target = F26C2E1119B0F14D00951BF8 /* Quiz */;
			targetProxy = F26C2E3219B0F14D00951BF8 /* PBXContainerItemProxy */;
		};
/* End PBXTargetDependency section */

/* Begin PBXVariantGroup section */
		F26C2E1E19B0F14D00951BF8 /* InfoPlist.strings */ = {
			isa = PBXVariantGroup;
			children = (
				F26C2E1F19B0F14D00951BF8 /* en */,
			);
			name = InfoPlist.strings;
			sourceTree = "<group>";
		};
		F26C2E3719B0F14D00951BF8 /* InfoPlist.strings */ = {
			isa = PBXVariantGroup;
			children = (
				F26C2E3819B0F14D00951BF8 /* en */,
			);
			name = InfoPlist.strings;
			sourceTree = "<group>";
		};
/* End PBXVariantGroup section */

/* Begin XCBuildConfiguration section */
		F26C2E3C19B0F14D00951BF8 /* Debug */ = {
			isa = XCBuildConfiguration;
			buildSettings = {
				ALWAYS_SEARCH_USER_PATHS = NO;
				CLANG_CXX_LANGUAGE_STANDARD = "gnu++0x";
				CLANG_CXX_LIBRARY = "libc++";
				CLANG_ENABLE_MODULES = YES;
				CLANG_ENABLE_OBJC_ARC = YES;
				CLANG_WARN_BOOL_CONVERSION = YES;
				CLANG_WARN_CONSTANT_CONVERSION = YES;
				CLANG_WARN_DIRECT_OBJC_ISA_USAGE = YES_ERROR;
				CLANG_WARN_EMPTY_BODY = YES;
				CLANG_WARN_ENUM_CONVERSION = YES;
				CLANG_WARN_INT_CONVERSION = YES;
				CLANG_WARN_OBJC_ROOT_CLASS = YES_ERROR;
				CLANG_WARN__DUPLICATE_METHOD_MATCH = YES;
				"CODE_SIGN_IDENTITY[sdk=iphoneos*]" = "iPhone Developer";
				COPY_PHASE_STRIP = NO;
				GCC_C_LANGUAGE_STANDARD = gnu99;
				GCC_DYNAMIC_NO_PIC = NO;
				GCC_OPTIMIZATION_LEVEL = 0;
				GCC_PREPROCESSOR_DEFINITIONS = (
					"DEBUG=1",
					"$(inherited)",
				);
				GCC_SYMBOLS_PRIVATE_EXTERN = NO;
				GCC_WARN_64_TO_32_BIT_CONVERSION = YES;
				GCC_WARN_ABOUT_RETURN_TYPE = YES_ERROR;
				GCC_WARN_UNDECLARED_SELECTOR = YES;
				GCC_WARN_UNINITIALIZED_AUTOS = YES_AGGRESSIVE;
				GCC_WARN_UNUSED_FUNCTION = YES;
				GCC_WARN_UNUSED_VARIABLE = YES;
				IPHONEOS_DEPLOYMENT_TARGET = 7.1;
				ONLY_ACTIVE_ARCH = YES;
				SDKROOT = iphoneos;
			};
			name = Debug;
		};
		F26C2E3D19B0F14D00951BF8 /* Release */ = {
			isa = XCBuildConfiguration;
			buildSettings = {
				ALWAYS_SEARCH_USER_PATHS = NO;
				CLANG_CXX_LANGUAGE_STANDARD = "gnu++0x";
				CLANG_CXX_LIBRARY = "libc++";
				CLANG_ENABLE_MODULES = YES;
				CLANG_ENABLE_OBJC_ARC = YES;
				CLANG_WARN_BOOL_CONVERSION = YES;
				CLANG_WARN_CONSTANT_CONVERSION = YES;
				CLANG_WARN_DIRECT_OBJC_ISA_USAGE = YES_ERROR;
				CLANG_WARN_EMPTY_BODY = YES;
				CLANG_WARN_ENUM_CONVERSION = YES;
				CLANG_WARN_INT_CONVERSION = YES;
				CLANG_WARN_OBJC_ROOT_CLASS = YES_ERROR;
				CLANG_WARN__DUPLICATE_METHOD_MATCH = YES;
				"CODE_SIGN_IDENTITY[sdk=iphoneos*]" = "iPhone Developer";
				COPY_PHASE_STRIP = YES;
				ENABLE_NS_ASSERTIONS = NO;
				GCC_C_LANGUAGE_STANDARD = gnu99;
				GCC_WARN_64_TO_32_BIT_CONVERSION = YES;
				GCC_WARN_ABOUT_RETURN_TYPE = YES_ERROR;
				GCC_WARN_UNDECLARED_SELECTOR = YES;
				GCC_WARN_UNINITIALIZED_AUTOS = YES_AGGRESSIVE;
				GCC_WARN_UNUSED_FUNCTION = YES;
				GCC_WARN_UNUSED_VARIABLE = YES;
				IPHONEOS_DEPLOYMENT_TARGET = 7.1;
				SDKROOT = iphoneos;
				VALIDATE_PRODUCT = YES;
			};
			name = Release;
		};
		F26C2E3F19B0F14D00951BF8 /* Debug */ = {
			isa = XCBuildConfiguration;
			buildSettings = {
				ASSETCATALOG_COMPILER_APPICON_NAME = AppIcon;
				ASSETCATALOG_COMPILER_LAUNCHIMAGE_NAME = LaunchImage;
				GCC_PRECOMPILE_PREFIX_HEADER = YES;
				GCC_PREFIX_HEADER = "Quiz/Quiz-Prefix.pch";
				INFOPLIST_FILE = "Quiz/Quiz-Info.plist";
				PRODUCT_NAME = "$(TARGET_NAME)";
				WRAPPER_EXTENSION = app;
			};
			name = Debug;
		};
		F26C2E4019B0F14D00951BF8 /* Release */ = {
			isa = XCBuildConfiguration;
			buildSettings = {
				ASSETCATALOG_COMPILER_APPICON_NAME = AppIcon;
				ASSETCATALOG_COMPILER_LAUNCHIMAGE_NAME = LaunchImage;
				GCC_PRECOMPILE_PREFIX_HEADER = YES;
				GCC_PREFIX_HEADER = "Quiz/Quiz-Prefix.pch";
				INFOPLIST_FILE = "Quiz/Quiz-Info.plist";
				PRODUCT_NAME = "$(TARGET_NAME)";
				WRAPPER_EXTENSION = app;
			};
			name = Release;
		};
		F26C2E4219B0F14D00951BF8 /* Debug */ = {
			isa = XCBuildConfiguration;
			buildSettings = {
				BUNDLE_LOADER = "$(BUILT_PRODUCTS_DIR)/Quiz.app/Quiz";
				FRAMEWORK_SEARCH_PATHS = (
					"$(SDKROOT)/Developer/Library/Frameworks",
					"$(inherited)",
					"$(DEVELOPER_FRAMEWORKS_DIR)",
				);
				GCC_PRECOMPILE_PREFIX_HEADER = YES;
				GCC_PREFIX_HEADER = "Quiz/Quiz-Prefix.pch";
				GCC_PREPROCESSOR_DEFINITIONS = (
					"DEBUG=1",
					"$(inherited)",
				);
				INFOPLIST_FILE = "QuizTests/QuizTests-Info.plist";
				PRODUCT_NAME = "$(TARGET_NAME)";
				TEST_HOST = "$(BUNDLE_LOADER)";
				WRAPPER_EXTENSION = xctest;
			};
			name = Debug;
		};
		F26C2E4319B0F14D00951BF8 /* Release */ = {
			isa = XCBuildConfiguration;
			buildSettings = {
				BUNDLE_LOADER = "$(BUILT_PRODUCTS_DIR)/Quiz.app/Quiz";
				FRAMEWORK_SEARCH_PATHS = (
					"$(SDKROOT)/Developer/Library/Frameworks",
					"$(inherited)",
					"$(DEVELOPER_FRAMEWORKS_DIR)",
				);
				GCC_PRECOMPILE_PREFIX_HEADER = YES;
				GCC_PREFIX_HEADER = "Quiz/Quiz-Prefix.pch";
				INFOPLIST_FILE = "QuizTests/QuizTests-Info.plist";
				PRODUCT_NAME = "$(TARGET_NAME)";
				TEST_HOST = "$(BUNDLE_LOADER)";
				WRAPPER_EXTENSION = xctest;
			};
			name = Release;
		};
/* End XCBuildConfiguration section */

/* Begin XCConfigurationList section */
		F26C2E0D19B0F14D00951BF8 /* Build configuration list for PBXProject "Quiz" */ = {
			isa = XCConfigurationList;
			buildConfigurations = (
				F26C2E3C19B0F14D00951BF8 /* Debug */,
				F26C2E3D19B0F14D00951BF8 /* Release */,
			);
			defaultConfigurationIsVisible = 0;
			defaultConfigurationName = Release;
		};
		F26C2E3E19B0F14D00951BF8 /* Build configuration list for PBXNativeTarget "Quiz" */ = {
			isa = XCConfigurationList;
			buildConfigurations = (
				F26C2E3F19B0F14D00951BF8 /* Debug */,
				F26C2E4019B0F14D00951BF8 /* Release */,
			);
			defaultConfigurationIsVisible = 0;
		};
		F26C2E4119B0F14D00951BF8 /* Build configuration list for PBXNativeTarget "QuizTests" */ = {
			isa = XCConfigurationList;
			buildConfigurations = (
				F26C2E4219B0F14D00951BF8 /* Debug */,
				F26C2E4319B0F14D00951BF8 /* Release */,
			);
			defaultConfigurationIsVisible = 0;
		};
/* End XCConfigurationList section */
	};
	rootObject = F26C2E0A19B0F14D00951BF8 /* Project object */;
}
